uuid: b878b180-149d-4ac4-8d10-507c931d156a
langcode: es
status: false
dependencies: {  }
active_version: 6ccfaeba5f3f91e9
versioned_properties:
  active:
    settings:
      default_settings:
        id: local_actions_block
        label: 'Acciones principales de administración'
        label_display: '0'
        provider: core
    fallback_metadata:
      slot_definitions: null
label: 'Acciones principales de administración'
id: block.local_actions_block
provider: core
source: block
source_local_id: local_actions_block
