uuid: 23810be1-e43d-4fce-86c0-75c44f3c1f95
langcode: es
status: false
dependencies: {  }
active_version: fb487e0e6a49e618
versioned_properties:
  active:
    settings:
      default_settings:
        id: local_tasks_block
        label: Pestañas
        label_display: '0'
        provider: core
        primary: true
        secondary: true
    fallback_metadata:
      slot_definitions: null
label: Pestañas
id: block.local_tasks_block
provider: core
source: block
source_local_id: local_tasks_block
